// !$*UTF8*$!
{
	archiveVersion = 1;
	classes = {
	};
	objectVersion = 48;
	objects = {

/* Begin PBXBuildFile section */
		52122E4F22584D3900311B51 /* PassiveYellowViewController.swift in Sources */ = {isa = PBXBuildFile; fileRef = 52122E4E22584D3900311B51 /* PassiveYellowViewController.swift */; };
		52122E5222584D5200311B51 /* PassiveRedViewController.swift in Sources */ = {isa = PBXBuildFile; fileRef = 52122E5122584D5200311B51 /* PassiveRedViewController.swift */; };
		52122E5422584D5B00311B51 /* PassiveBlackViewController.swift in Sources */ = {isa = PBXBuildFile; fileRef = 52122E5322584D5B00311B51 /* PassiveBlackViewController.swift */; };
		52718116203EBC0C00FD282B /* AppDelegate.swift in Sources */ = {isa = PBXBuildFile; fileRef = 52718115203EBC0C00FD282B /* AppDelegate.swift */; };
		52718118203EBC0C00FD282B /* ViewController.swift in Sources */ = {isa = PBXBuildFile; fileRef = 52718117203EBC0C00FD282B /* ViewController.swift */; };
		5271811B203EBC0C00FD282B /* Main.storyboard in Resources */ = {isa = PBXBuildFile; fileRef = 52718119203EBC0C00FD282B /* Main.storyboard */; };
		5271811D203EBC0C00FD282B /* Assets.xcassets in Resources */ = {isa = PBXBuildFile; fileRef = 5271811C203EBC0C00FD282B /* Assets.xcassets */; };
		52718120203EBC0C00FD282B /* LaunchScreen.storyboard in Resources */ = {isa = PBXBuildFile; fileRef = 5271811E203EBC0C00FD282B /* LaunchScreen.storyboard */; };
		52949EC92091CC2F0055D700 /* SideMenuVC.swift in Sources */ = {isa = PBXBuildFile; fileRef = 52949EC82091CC2F0055D700 /* SideMenuVC.swift */; };
		52949ECB2091CCDB0055D700 /* ContainerViewController.swift in Sources */ = {isa = PBXBuildFile; fileRef = 52949ECA2091CCDB0055D700 /* ContainerViewController.swift */; };
		52EE74D42079F3AC004E5655 /* YellowViewController.swift in Sources */ = {isa = PBXBuildFile; fileRef = 52EE74D32079F3AC004E5655 /* YellowViewController.swift */; };
		52EE74D62079F488004E5655 /* RedViewController.swift in Sources */ = {isa = PBXBuildFile; fileRef = 52EE74D52079F488004E5655 /* RedViewController.swift */; };
		52EE74D82079F61E004E5655 /* BlackViewController.swift in Sources */ = {isa = PBXBuildFile; fileRef = 52EE74D72079F61E004E5655 /* BlackViewController.swift */; };
/* End PBXBuildFile section */

/* Begin PBXFileReference section */
		52122E4E22584D3900311B51 /* PassiveYellowViewController.swift */ = {isa = PBXFileReference; lastKnownFileType = sourcecode.swift; path = PassiveYellowViewController.swift; sourceTree = "<group>"; };
		52122E5122584D5200311B51 /* PassiveRedViewController.swift */ = {isa = PBXFileReference; lastKnownFileType = sourcecode.swift; path = PassiveRedViewController.swift; sourceTree = "<group>"; };
		52122E5322584D5B00311B51 /* PassiveBlackViewController.swift */ = {isa = PBXFileReference; lastKnownFileType = sourcecode.swift; path = PassiveBlackViewController.swift; sourceTree = "<group>"; };
		52718112203EBC0C00FD282B /* RefereeBout.app */ = {isa = PBXFileReference; explicitFileType = wrapper.application; includeInIndex = 0; path = RefereeBout.app; sourceTree = BUILT_PRODUCTS_DIR; };
		52718115203EBC0C00FD282B /* AppDelegate.swift */ = {isa = PBXFileReference; lastKnownFileType = sourcecode.swift; path = AppDelegate.swift; sourceTree = "<group>"; };
		52718117203EBC0C00FD282B /* ViewController.swift */ = {isa = PBXFileReference; lastKnownFileType = sourcecode.swift; path = ViewController.swift; sourceTree = "<group>"; };
		5271811A203EBC0C00FD282B /* Base */ = {isa = PBXFileReference; lastKnownFileType = file.storyboard; name = Base; path = Base.lproj/Main.storyboard; sourceTree = "<group>"; };
		5271811C203EBC0C00FD282B /* Assets.xcassets */ = {isa = PBXFileReference; lastKnownFileType = folder.assetcatalog; path = Assets.xcassets; sourceTree = "<group>"; };
		5271811F203EBC0C00FD282B /* Base */ = {isa = PBXFileReference; lastKnownFileType = file.storyboard; name = Base; path = Base.lproj/LaunchScreen.storyboard; sourceTree = "<group>"; };
		52718121203EBC0C00FD282B /* Info.plist */ = {isa = PBXFileReference; lastKnownFileType = text.plist.xml; path = Info.plist; sourceTree = "<group>"; };
		52949EC82091CC2F0055D700 /* SideMenuVC.swift */ = {isa = PBXFileReference; lastKnownFileType = sourcecode.swift; path = SideMenuVC.swift; sourceTree = "<group>"; };
		52949ECA2091CCDB0055D700 /* ContainerViewController.swift */ = {isa = PBXFileReference; lastKnownFileType = sourcecode.swift; path = ContainerViewController.swift; sourceTree = "<group>"; };
		52EE74D32079F3AC004E5655 /* YellowViewController.swift */ = {isa = PBXFileReference; lastKnownFileType = sourcecode.swift; path = YellowViewController.swift; sourceTree = "<group>"; };
		52EE74D52079F488004E5655 /* RedViewController.swift */ = {isa = PBXFileReference; lastKnownFileType = sourcecode.swift; path = RedViewController.swift; sourceTree = "<group>"; };
		52EE74D72079F61E004E5655 /* BlackViewController.swift */ = {isa = PBXFileReference; lastKnownFileType = sourcecode.swift; path = BlackViewController.swift; sourceTree = "<group>"; };
/* End PBXFileReference section */

/* Begin PBXFrameworksBuildPhase section */
		5271810F203EBC0C00FD282B /* Frameworks */ = {
			isa = PBXFrameworksBuildPhase;
			buildActionMask = 2147483647;
			files = (
			);
			runOnlyForDeploymentPostprocessing = 0;
		};
/* End PBXFrameworksBuildPhase section */

/* Begin PBXGroup section */
		52718109203EBC0C00FD282B = {
			isa = PBXGroup;
			children = (
				52718114203EBC0C00FD282B /* RefereeBout */,
				52718113203EBC0C00FD282B /* Products */,
			);
			sourceTree = "<group>";
		};
		52718113203EBC0C00FD282B /* Products */ = {
			isa = PBXGroup;
			children = (
				52718112203EBC0C00FD282B /* RefereeBout.app */,
			);
			name = Products;
			sourceTree = "<group>";
		};
		52718114203EBC0C00FD282B /* RefereeBout */ = {
			isa = PBXGroup;
			children = (
				52718115203EBC0C00FD282B /* AppDelegate.swift */,
				52718117203EBC0C00FD282B /* ViewController.swift */,
				52718119203EBC0C00FD282B /* Main.storyboard */,
				52EE74D32079F3AC004E5655 /* YellowViewController.swift */,
				5271811C203EBC0C00FD282B /* Assets.xcassets */,
				5271811E203EBC0C00FD282B /* LaunchScreen.storyboard */,
				52718121203EBC0C00FD282B /* Info.plist */,
				52EE74D52079F488004E5655 /* RedViewController.swift */,
				52EE74D72079F61E004E5655 /* BlackViewController.swift */,
				52949EC82091CC2F0055D700 /* SideMenuVC.swift */,
				52949ECA2091CCDB0055D700 /* ContainerViewController.swift */,
				52122E4E22584D3900311B51 /* PassiveYellowViewController.swift */,
				52122E5122584D5200311B51 /* PassiveRedViewController.swift */,
				52122E5322584D5B00311B51 /* PassiveBlackViewController.swift */,
			);
			path = RefereeBout;
			sourceTree = "<group>";
		};
/* End PBXGroup section */

/* Begin PBXNativeTarget section */
		52718111203EBC0C00FD282B /* RefereeBout */ = {
			isa = PBXNativeTarget;
			buildConfigurationList = 52718124203EBC0C00FD282B /* Build configuration list for PBXNativeTarget "RefereeBout" */;
			buildPhases = (
				5271810E203EBC0C00FD282B /* Sources */,
				5271810F203EBC0C00FD282B /* Frameworks */,
				52718110203EBC0C00FD282B /* Resources */,
			);
			buildRules = (
			);
			dependencies = (
			);
			name = RefereeBout;
			productName = RefereeBout;
			productReference = 52718112203EBC0C00FD282B /* RefereeBout.app */;
			productType = "com.apple.product-type.application";
		};
/* End PBXNativeTarget section */

/* Begin PBXProject section */
		5271810A203EBC0C00FD282B /* Project object */ = {
			isa = PBXProject;
			attributes = {
				LastSwiftUpdateCheck = 0920;
				LastUpgradeCheck = 0920;
				ORGANIZATIONNAME = John;
				TargetAttributes = {
					52718111203EBC0C00FD282B = {
						CreatedOnToolsVersion = 9.2;
						ProvisioningStyle = Automatic;
					};
				};
			};
			buildConfigurationList = 5271810D203EBC0C00FD282B /* Build configuration list for PBXProject "RefereeBout" */;
			compatibilityVersion = "Xcode 8.0";
			developmentRegion = en;
			hasScannedForEncodings = 0;
			knownRegions = (
				en,
				Base,
			);
			mainGroup = 52718109203EBC0C00FD282B;
			productRefGroup = 52718113203EBC0C00FD282B /* Products */;
			projectDirPath = "";
			projectRoot = "";
			targets = (
				52718111203EBC0C00FD282B /* RefereeBout */,
			);
		};
/* End PBXProject section */

/* Begin PBXResourcesBuildPhase section */
		52718110203EBC0C00FD282B /* Resources */ = {
			isa = PBXResourcesBuildPhase;
			buildActionMask = 2147483647;
			files = (
				52718120203EBC0C00FD282B /* LaunchScreen.storyboard in Resources */,
				5271811D203EBC0C00FD282B /* Assets.xcassets in Resources */,
				5271811B203EBC0C00FD282B /* Main.storyboard in Resources */,
			);
			runOnlyForDeploymentPostprocessing = 0;
		};
/* End PBXResourcesBuildPhase section */

/* Begin PBXSourcesBuildPhase section */
		5271810E203EBC0C00FD282B /* Sources */ = {
			isa = PBXSourcesBuildPhase;
			buildActionMask = 2147483647;
			files = (
				52EE74D62079F488004E5655 /* RedViewController.swift in Sources */,
				52718118203EBC0C00FD282B /* ViewController.swift in Sources */,
				52122E5422584D5B00311B51 /* PassiveBlackViewController.swift in Sources */,
				52949ECB2091CCDB0055D700 /* ContainerViewController.swift in Sources */,
				52122E5222584D5200311B51 /* PassiveRedViewController.swift in Sources */,
				52949EC92091CC2F0055D700 /* SideMenuVC.swift in Sources */,
				52EE74D42079F3AC004E5655 /* YellowViewController.swift in Sources */,
				52EE74D82079F61E004E5655 /* BlackViewController.swift in Sources */,
				52122E4F22584D3900311B51 /* PassiveYellowViewController.swift in Sources */,
				52718116203EBC0C00FD282B /* AppDelegate.swift in Sources */,
			);
			runOnlyForDeploymentPostprocessing = 0;
		};
/* End PBXSourcesBuildPhase section */

/* Begin PBXVariantGroup section */
		52718119203EBC0C00FD282B /* Main.storyboard */ = {
			isa = PBXVariantGroup;
			children = (
				5271811A203EBC0C00FD282B /* Base */,
			);
			name = Main.storyboard;
			sourceTree = "<group>";
		};
		5271811E203EBC0C00FD282B /* LaunchScreen.storyboard */ = {
			isa = PBXVariantGroup;
			children = (
				5271811F203EBC0C00FD282B /* Base */,
			);
			name = LaunchScreen.storyboard;
			sourceTree = "<group>";
		};
/* End PBXVariantGroup section */

/* Begin XCBuildConfiguration section */
		52718122203EBC0C00FD282B /* Debug */ = {
			isa = XCBuildConfiguration;
			buildSettings = {
				ALWAYS_SEARCH_USER_PATHS = NO;
				CLANG_ANALYZER_NONNULL = YES;
				CLANG_ANALYZER_NUMBER_OBJECT_CONVERSION = YES_AGGRESSIVE;
				CLANG_CXX_LANGUAGE_STANDARD = "gnu++14";
				CLANG_CXX_LIBRARY = "libc++";
				CLANG_ENABLE_MODULES = YES;
				CLANG_ENABLE_OBJC_ARC = YES;
				CLANG_WARN_BLOCK_CAPTURE_AUTORELEASING = YES;
				CLANG_WARN_BOOL_CONVERSION = YES;
				CLANG_WARN_COMMA = YES;
				CLANG_WARN_CONSTANT_CONVERSION = YES;
				CLANG_WARN_DIRECT_OBJC_ISA_USAGE = YES_ERROR;
				CLANG_WARN_DOCUMENTATION_COMMENTS = YES;
				CLANG_WARN_EMPTY_BODY = YES;
				CLANG_WARN_ENUM_CONVERSION = YES;
				CLANG_WARN_INFINITE_RECURSION = YES;
				CLANG_WARN_INT_CONVERSION = YES;
				CLANG_WARN_NON_LITERAL_NULL_CONVERSION = YES;
				CLANG_WARN_OBJC_LITERAL_CONVERSION = YES;
				CLANG_WARN_OBJC_ROOT_CLASS = YES_ERROR;
				CLANG_WARN_RANGE_LOOP_ANALYSIS = YES;
				CLANG_WARN_STRICT_PROTOTYPES = YES;
				CLANG_WARN_SUSPICIOUS_MOVE = YES;
				CLANG_WARN_UNGUARDED_AVAILABILITY = YES_AGGRESSIVE;
				CLANG_WARN_UNREACHABLE_CODE = YES;
				CLANG_WARN__DUPLICATE_METHOD_MATCH = YES;
				CODE_SIGN_IDENTITY = "iPhone Developer";
				COPY_PHASE_STRIP = NO;
				DEBUG_INFORMATION_FORMAT = dwarf;
				ENABLE_STRICT_OBJC_MSGSEND = YES;
				ENABLE_TESTABILITY = YES;
				GCC_C_LANGUAGE_STANDARD = gnu11;
				GCC_DYNAMIC_NO_PIC = NO;
				GCC_NO_COMMON_BLOCKS = YES;
				GCC_OPTIMIZATION_LEVEL = 0;
				GCC_PREPROCESSOR_DEFINITIONS = (
					"DEBUG=1",
					"$(inherited)",
				);
				GCC_WARN_64_TO_32_BIT_CONVERSION = YES;
				GCC_WARN_ABOUT_RETURN_TYPE = YES_ERROR;
				GCC_WARN_UNDECLARED_SELECTOR = YES;
				GCC_WARN_UNINITIALIZED_AUTOS = YES_AGGRESSIVE;
				GCC_WARN_UNUSED_FUNCTION = YES;
				GCC_WARN_UNUSED_VARIABLE = YES;
				IPHONEOS_DEPLOYMENT_TARGET = 11.2;
				MTL_ENABLE_DEBUG_INFO = YES;
				ONLY_ACTIVE_ARCH = YES;
				SDKROOT = iphoneos;
				SWIFT_ACTIVE_COMPILATION_CONDITIONS = DEBUG;
				SWIFT_OPTIMIZATION_LEVEL = "-Onone";
			};
			name = Debug;
		};
		52718123203EBC0C00FD282B /* Release */ = {
			isa = XCBuildConfiguration;
			buildSettings = {
				ALWAYS_SEARCH_USER_PATHS = NO;
				CLANG_ANALYZER_NONNULL = YES;
				CLANG_ANALYZER_NUMBER_OBJECT_CONVERSION = YES_AGGRESSIVE;
				CLANG_CXX_LANGUAGE_STANDARD = "gnu++14";
				CLANG_CXX_LIBRARY = "libc++";
				CLANG_ENABLE_MODULES = YES;
				CLANG_ENABLE_OBJC_ARC = YES;
				CLANG_WARN_BLOCK_CAPTURE_AUTORELEASING = YES;
				CLANG_WARN_BOOL_CONVERSION = YES;
				CLANG_WARN_COMMA = YES;
				CLANG_WARN_CONSTANT_CONVERSION = YES;
				CLANG_WARN_DIRECT_OBJC_ISA_USAGE = YES_ERROR;
				CLANG_WARN_DOCUMENTATION_COMMENTS = YES;
				CLANG_WARN_EMPTY_BODY = YES;
				CLANG_WARN_ENUM_CONVERSION = YES;
				CLANG_WARN_INFINITE_RECURSION = YES;
				CLANG_WARN_INT_CONVERSION = YES;
				CLANG_WARN_NON_LITERAL_NULL_CONVERSION = YES;
				CLANG_WARN_OBJC_LITERAL_CONVERSION = YES;
				CLANG_WARN_OBJC_ROOT_CLASS = YES_ERROR;
				CLANG_WARN_RANGE_LOOP_ANALYSIS = YES;
				CLANG_WARN_STRICT_PROTOTYPES = YES;
				CLANG_WARN_SUSPICIOUS_MOVE = YES;
				CLANG_WARN_UNGUARDED_AVAILABILITY = YES_AGGRESSIVE;
				CLANG_WARN_UNREACHABLE_CODE = YES;
				CLANG_WARN__DUPLICATE_METHOD_MATCH = YES;
				CODE_SIGN_IDENTITY = "iPhone Developer";
				COPY_PHASE_STRIP = NO;
				DEBUG_INFORMATION_FORMAT = "dwarf-with-dsym";
				ENABLE_NS_ASSERTIONS = NO;
				ENABLE_STRICT_OBJC_MSGSEND = YES;
				GCC_C_LANGUAGE_STANDARD = gnu11;
				GCC_NO_COMMON_BLOCKS = YES;
				GCC_WARN_64_TO_32_BIT_CONVERSION = YES;
				GCC_WARN_ABOUT_RETURN_TYPE = YES_ERROR;
				GCC_WARN_UNDECLARED_SELECTOR = YES;
				GCC_WARN_UNINITIALIZED_AUTOS = YES_AGGRESSIVE;
				GCC_WARN_UNUSED_FUNCTION = YES;
				GCC_WARN_UNUSED_VARIABLE = YES;
				IPHONEOS_DEPLOYMENT_TARGET = 11.2;
				MTL_ENABLE_DEBUG_INFO = NO;
				SDKROOT = iphoneos;
				SWIFT_OPTIMIZATION_LEVEL = "-Owholemodule";
				VALIDATE_PRODUCT = YES;
			};
			name = Release;
		};
		52718125203EBC0C00FD282B /* Debug */ = {
			isa = XCBuildConfiguration;
			buildSettings = {
				ASSETCATALOG_COMPILER_APPICON_NAME = AppIcon;
				"CODE_SIGN_IDENTITY[sdk=iphoneos*]" = "iPhone Developer";
				CODE_SIGN_STYLE = Automatic;
				DEVELOPMENT_TEAM = "";
				INFOPLIST_FILE = RefereeBout/Info.plist;
				LD_RUNPATH_SEARCH_PATHS = "$(inherited) @executable_path/Frameworks";
				PRODUCT_BUNDLE_IDENTIFIER = John.RefereeBout;
				PRODUCT_NAME = "$(TARGET_NAME)";
				PROVISIONING_PROFILE_SPECIFIER = "";
				SWIFT_VERSION = 4.0;
				TARGETED_DEVICE_FAMILY = "1,2";
			};
			name = Debug;
		};
		52718126203EBC0C00FD282B /* Release */ = {
			isa = XCBuildConfiguration;
			buildSettings = {
				ASSETCATALOG_COMPILER_APPICON_NAME = AppIcon;
				"CODE_SIGN_IDENTITY[sdk=iphoneos*]" = "iPhone Developer";
				CODE_SIGN_STYLE = Automatic;
				DEVELOPMENT_TEAM = "";
				INFOPLIST_FILE = RefereeBout/Info.plist;
				LD_RUNPATH_SEARCH_PATHS = "$(inherited) @executable_path/Frameworks";
				PRODUCT_BUNDLE_IDENTIFIER = John.RefereeBout;
				PRODUCT_NAME = "$(TARGET_NAME)";
				PROVISIONING_PROFILE_SPECIFIER = "";
				SWIFT_VERSION = 4.0;
				TARGETED_DEVICE_FAMILY = "1,2";
			};
			name = Release;
		};
/* End XCBuildConfiguration section */

/* Begin XCConfigurationList section */
		5271810D203EBC0C00FD282B /* Build configuration list for PBXProject "RefereeBout" */ = {
			isa = XCConfigurationList;
			buildConfigurations = (
				52718122203EBC0C00FD282B /* Debug */,
				52718123203EBC0C00FD282B /* Release */,
			);
			defaultConfigurationIsVisible = 0;
			defaultConfigurationName = Release;
		};
		52718124203EBC0C00FD282B /* Build configuration list for PBXNativeTarget "RefereeBout" */ = {
			isa = XCConfigurationList;
			buildConfigurations = (
				52718125203EBC0C00FD282B /* Debug */,
				52718126203EBC0C00FD282B /* Release */,
			);
			defaultConfigurationIsVisible = 0;
			defaultConfigurationName = Release;
		};
/* End XCConfigurationList section */
	};
	rootObject = 5271810A203EBC0C00FD282B /* Project object */;
}
